
Microsoft Visual Studio Solution File, Format Version 11.00
# Visual Studio 2010
Project("{FAE04EC0-301F-11D3-BF4B-00C04F79EFBC}") = "Assembly-CSharp", "Assembly-CSharp.csproj", "{18C82A37-5EC5-F893-507D-9069B6E27632}"
EndProject
Project("{FAE04EC0-301F-11D3-BF4B-00C04F79EFBC}") = "Assembly-CSharp-firstpass", "Assembly-CSharp-firstpass.csproj", "{78C3F0CF-0436-4001-9A47-26C9B8101BE9}"
EndProject
Project("{FAE04EC0-301F-11D3-BF4B-00C04F79EFBC}") = "Assembly-CSharp-Editor-firstpass", "Assembly-CSharp-Editor-firstpass.csproj", "{37B2D29D-B1D2-36E8-2493-D71421E534A1}"
EndProject
Global
	GlobalSection(SolutionConfigurationPlatforms) = preSolution
		Debug|Any CPU = Debug|Any CPU
		Release|Any CPU = Release|Any CPU
	EndGlobalSection
	GlobalSection(ProjectConfigurationPlatforms) = postSolution
		{18C82A37-5EC5-F893-507D-9069B6E27632}.Debug|Any CPU.ActiveCfg = Debug|Any CPU
		{18C82A37-5EC5-F893-507D-9069B6E27632}.Debug|Any CPU.Build.0 = Debug|Any CPU
		{18C82A37-5EC5-F893-507D-9069B6E27632}.Release|Any CPU.ActiveCfg = Release|Any CPU
		{18C82A37-5EC5-F893-507D-9069B6E27632}.Release|Any CPU.Build.0 = Release|Any CPU
		{78C3F0CF-0436-4001-9A47-26C9B8101BE9}.Debug|Any CPU.ActiveCfg = Debug|Any CPU
		{78C3F0CF-0436-4001-9A47-26C9B8101BE9}.Debug|Any CPU.Build.0 = Debug|Any CPU
		{78C3F0CF-0436-4001-9A47-26C9B8101BE9}.Release|Any CPU.ActiveCfg = Release|Any CPU
		{78C3F0CF-0436-4001-9A47-26C9B8101BE9}.Release|Any CPU.Build.0 = Release|Any CPU
		{37B2D29D-B1D2-36E8-2493-D71421E534A1}.Debug|Any CPU.ActiveCfg = Debug|Any CPU
		{37B2D29D-B1D2-36E8-2493-D71421E534A1}.Debug|Any CPU.Build.0 = Debug|Any CPU
		{37B2D29D-B1D2-36E8-2493-D71421E534A1}.Release|Any CPU.ActiveCfg = Release|Any CPU
		{37B2D29D-B1D2-36E8-2493-D71421E534A1}.Release|Any CPU.Build.0 = Release|Any CPU
	EndGlobalSection
	GlobalSection(SolutionProperties) = preSolution
		HideSolutionNode = FALSE
	EndGlobalSection
	GlobalSection(MonoDevelopProperties) = preSolution
		StartupItem = Assembly-CSharp.csproj
	EndGlobalSection
EndGlobal
